// !$*UTF8*$!
{
	archiveVersion = 1;
	classes = {
	};
	objectVersion = 46;
	objects = {

/* Begin PBXBuildFile section */
		4C0E8C321E7E9D47005A3C19 /* AppDelegate.swift in Sources */ = {isa = PBXBuildFile; fileRef = 4C0E8C311E7E9D47005A3C19 /* AppDelegate.swift */; };
		4C0E8C341E7E9D47005A3C19 /* ToDoController.swift in Sources */ = {isa = PBXBuildFile; fileRef = 4C0E8C331E7E9D47005A3C19 /* ToDoController.swift */; };
		4C0E8C371E7E9D47005A3C19 /* Main.storyboard in Resources */ = {isa = PBXBuildFile; fileRef = 4C0E8C351E7E9D47005A3C19 /* Main.storyboard */; };
		4C0E8C391E7E9D47005A3C19 /* Assets.xcassets in Resources */ = {isa = PBXBuildFile; fileRef = 4C0E8C381E7E9D47005A3C19 /* Assets.xcassets */; };
		4C0E8C3C1E7E9D47005A3C19 /* LaunchScreen.storyboard in Resources */ = {isa = PBXBuildFile; fileRef = 4C0E8C3A1E7E9D47005A3C19 /* LaunchScreen.storyboard */; };
		4C1BFCB71E7EB034000A2282 /* KZSwipeTableViewCell.swift in Sources */ = {isa = PBXBuildFile; fileRef = 4C1BFCB61E7EB034000A2282 /* KZSwipeTableViewCell.swift */; };
		4CE85D761E8058CB00708D84 /* DGElasticPullToRefreshConstants.swift in Sources */ = {isa = PBXBuildFile; fileRef = 4CE85D711E8058CB00708D84 /* DGElasticPullToRefreshConstants.swift */; };
		4CE85D771E8058CB00708D84 /* DGElasticPullToRefreshExtensions.swift in Sources */ = {isa = PBXBuildFile; fileRef = 4CE85D721E8058CB00708D84 /* DGElasticPullToRefreshExtensions.swift */; };
		4CE85D781E8058CB00708D84 /* DGElasticPullToRefreshLoadingView.swift in Sources */ = {isa = PBXBuildFile; fileRef = 4CE85D731E8058CB00708D84 /* DGElasticPullToRefreshLoadingView.swift */; };
		4CE85D791E8058CB00708D84 /* DGElasticPullToRefreshLoadingViewCircle.swift in Sources */ = {isa = PBXBuildFile; fileRef = 4CE85D741E8058CB00708D84 /* DGElasticPullToRefreshLoadingViewCircle.swift */; };
		4CE85D7A1E8058CB00708D84 /* DGElasticPullToRefreshView.swift in Sources */ = {isa = PBXBuildFile; fileRef = 4CE85D751E8058CB00708D84 /* DGElasticPullToRefreshView.swift */; };
		4CE85D7C1E80624500708D84 /* ToDoCell.swift in Sources */ = {isa = PBXBuildFile; fileRef = 4CE85D7B1E80624500708D84 /* ToDoCell.swift */; };
		8FD705EE4F808657E756F35E /* Pods_EZTask.framework in Frameworks */ = {isa = PBXBuildFile; fileRef = FD3222A67AC8F89353FEC486 /* Pods_EZTask.framework */; };
/* End PBXBuildFile section */

/* Begin PBXCopyFilesBuildPhase section */
		4CFA07051E7F0F3600C22F1B /* Embed Frameworks */ = {
			isa = PBXCopyFilesBuildPhase;
			buildActionMask = 2147483647;
			dstPath = "";
			dstSubfolderSpec = 10;
			files = (
			);
			name = "Embed Frameworks";
			runOnlyForDeploymentPostprocessing = 0;
		};
/* End PBXCopyFilesBuildPhase section */

/* Begin PBXFileReference section */
		11384261F24162A9C3B52DC6 /* Pods-EZTask.release.xcconfig */ = {isa = PBXFileReference; includeInIndex = 1; lastKnownFileType = text.xcconfig; name = "Pods-EZTask.release.xcconfig"; path = "Pods/Target Support Files/Pods-EZTask/Pods-EZTask.release.xcconfig"; sourceTree = "<group>"; };
		1AA7B0E9525332CB7BD194C2 /* Pods-EZTask.debug.xcconfig */ = {isa = PBXFileReference; includeInIndex = 1; lastKnownFileType = text.xcconfig; name = "Pods-EZTask.debug.xcconfig"; path = "Pods/Target Support Files/Pods-EZTask/Pods-EZTask.debug.xcconfig"; sourceTree = "<group>"; };
		4C0E8C2E1E7E9D47005A3C19 /* EZTask.app */ = {isa = PBXFileReference; explicitFileType = wrapper.application; includeInIndex = 0; path = EZTask.app; sourceTree = BUILT_PRODUCTS_DIR; };
		4C0E8C311E7E9D47005A3C19 /* AppDelegate.swift */ = {isa = PBXFileReference; lastKnownFileType = sourcecode.swift; path = AppDelegate.swift; sourceTree = "<group>"; };
		4C0E8C331E7E9D47005A3C19 /* ToDoController.swift */ = {isa = PBXFileReference; lastKnownFileType = sourcecode.swift; path = ToDoController.swift; sourceTree = "<group>"; };
		4C0E8C361E7E9D47005A3C19 /* Base */ = {isa = PBXFileReference; lastKnownFileType = file.storyboard; name = Base; path = Base.lproj/Main.storyboard; sourceTree = "<group>"; };
		4C0E8C381E7E9D47005A3C19 /* Assets.xcassets */ = {isa = PBXFileReference; lastKnownFileType = folder.assetcatalog; path = Assets.xcassets; sourceTree = "<group>"; };
		4C0E8C3B1E7E9D47005A3C19 /* Base */ = {isa = PBXFileReference; lastKnownFileType = file.storyboard; name = Base; path = Base.lproj/LaunchScreen.storyboard; sourceTree = "<group>"; };
		4C0E8C3D1E7E9D47005A3C19 /* Info.plist */ = {isa = PBXFileReference; lastKnownFileType = text.plist.xml; path = Info.plist; sourceTree = "<group>"; };
		4C1BFCB61E7EB034000A2282 /* KZSwipeTableViewCell.swift */ = {isa = PBXFileReference; fileEncoding = 4; lastKnownFileType = sourcecode.swift; path = KZSwipeTableViewCell.swift; sourceTree = "<group>"; };
		4CE85D711E8058CB00708D84 /* DGElasticPullToRefreshConstants.swift */ = {isa = PBXFileReference; fileEncoding = 4; lastKnownFileType = sourcecode.swift; path = DGElasticPullToRefreshConstants.swift; sourceTree = "<group>"; };
		4CE85D721E8058CB00708D84 /* DGElasticPullToRefreshExtensions.swift */ = {isa = PBXFileReference; fileEncoding = 4; lastKnownFileType = sourcecode.swift; path = DGElasticPullToRefreshExtensions.swift; sourceTree = "<group>"; };
		4CE85D731E8058CB00708D84 /* DGElasticPullToRefreshLoadingView.swift */ = {isa = PBXFileReference; fileEncoding = 4; lastKnownFileType = sourcecode.swift; path = DGElasticPullToRefreshLoadingView.swift; sourceTree = "<group>"; };
		4CE85D741E8058CB00708D84 /* DGElasticPullToRefreshLoadingViewCircle.swift */ = {isa = PBXFileReference; fileEncoding = 4; lastKnownFileType = sourcecode.swift; path = DGElasticPullToRefreshLoadingViewCircle.swift; sourceTree = "<group>"; };
		4CE85D751E8058CB00708D84 /* DGElasticPullToRefreshView.swift */ = {isa = PBXFileReference; fileEncoding = 4; lastKnownFileType = sourcecode.swift; path = DGElasticPullToRefreshView.swift; sourceTree = "<group>"; };
		4CE85D7B1E80624500708D84 /* ToDoCell.swift */ = {isa = PBXFileReference; fileEncoding = 4; lastKnownFileType = sourcecode.swift; path = ToDoCell.swift; sourceTree = "<group>"; };
		FD3222A67AC8F89353FEC486 /* Pods_EZTask.framework */ = {isa = PBXFileReference; explicitFileType = wrapper.framework; includeInIndex = 0; path = Pods_EZTask.framework; sourceTree = BUILT_PRODUCTS_DIR; };
/* End PBXFileReference section */

/* Begin PBXFrameworksBuildPhase section */
		4C0E8C2B1E7E9D47005A3C19 /* Frameworks */ = {
			isa = PBXFrameworksBuildPhase;
			buildActionMask = 2147483647;
			files = (
				8FD705EE4F808657E756F35E /* Pods_EZTask.framework in Frameworks */,
			);
			runOnlyForDeploymentPostprocessing = 0;
		};
/* End PBXFrameworksBuildPhase section */

/* Begin PBXGroup section */
		2E3F00B86B889468613CAE13 /* Frameworks */ = {
			isa = PBXGroup;
			children = (
				FD3222A67AC8F89353FEC486 /* Pods_EZTask.framework */,
			);
			name = Frameworks;
			sourceTree = "<group>";
		};
		4C0E8C251E7E9D47005A3C19 = {
			isa = PBXGroup;
			children = (
				4C0E8C301E7E9D47005A3C19 /* EZTask */,
				4C0E8C2F1E7E9D47005A3C19 /* Products */,
				893524079556A81A2D4F2B5B /* Pods */,
				2E3F00B86B889468613CAE13 /* Frameworks */,
			);
			sourceTree = "<group>";
		};
		4C0E8C2F1E7E9D47005A3C19 /* Products */ = {
			isa = PBXGroup;
			children = (
				4C0E8C2E1E7E9D47005A3C19 /* EZTask.app */,
			);
			name = Products;
			sourceTree = "<group>";
		};
		4C0E8C301E7E9D47005A3C19 /* EZTask */ = {
			isa = PBXGroup;
			children = (
				4CB5A3911E7EA98E002DA155 /* Controllers */,
				4CB5A3921E7EA9CA002DA155 /* View */,
				4CB5A3951E7EA9DE002DA155 /* GUI */,
				4CB5A3941E7EA9D7002DA155 /* Helpers */,
				4CB5A3931E7EA9D0002DA155 /* Model */,
				4CB5A3961E7EA9E6002DA155 /* Other */,
			);
			path = EZTask;
			sourceTree = "<group>";
		};
		4CB5A3911E7EA98E002DA155 /* Controllers */ = {
			isa = PBXGroup;
			children = (
				4C0E8C311E7E9D47005A3C19 /* AppDelegate.swift */,
				4C0E8C331E7E9D47005A3C19 /* ToDoController.swift */,
			);
			path = Controllers;
			sourceTree = "<group>";
		};
		4CB5A3921E7EA9CA002DA155 /* View */ = {
			isa = PBXGroup;
			children = (
				4CE85D7B1E80624500708D84 /* ToDoCell.swift */,
			);
			path = View;
			sourceTree = "<group>";
		};
		4CB5A3931E7EA9D0002DA155 /* Model */ = {
			isa = PBXGroup;
			children = (
			);
			path = Model;
			sourceTree = "<group>";
		};
		4CB5A3941E7EA9D7002DA155 /* Helpers */ = {
			isa = PBXGroup;
			children = (
				4CE85D701E8058CB00708D84 /* DGElasticPullToRefresh */,
				4C1BFCB61E7EB034000A2282 /* KZSwipeTableViewCell.swift */,
			);
			path = Helpers;
			sourceTree = "<group>";
		};
		4CB5A3951E7EA9DE002DA155 /* GUI */ = {
			isa = PBXGroup;
			children = (
				4C0E8C351E7E9D47005A3C19 /* Main.storyboard */,
			);
			path = GUI;
			sourceTree = "<group>";
		};
		4CB5A3961E7EA9E6002DA155 /* Other */ = {
			isa = PBXGroup;
			children = (
				4C0E8C381E7E9D47005A3C19 /* Assets.xcassets */,
				4C0E8C3D1E7E9D47005A3C19 /* Info.plist */,
				4C0E8C3A1E7E9D47005A3C19 /* LaunchScreen.storyboard */,
			);
			path = Other;
			sourceTree = "<group>";
		};
		4CE85D701E8058CB00708D84 /* DGElasticPullToRefresh */ = {
			isa = PBXGroup;
			children = (
				4CE85D711E8058CB00708D84 /* DGElasticPullToRefreshConstants.swift */,
				4CE85D721E8058CB00708D84 /* DGElasticPullToRefreshExtensions.swift */,
				4CE85D731E8058CB00708D84 /* DGElasticPullToRefreshLoadingView.swift */,
				4CE85D741E8058CB00708D84 /* DGElasticPullToRefreshLoadingViewCircle.swift */,
				4CE85D751E8058CB00708D84 /* DGElasticPullToRefreshView.swift */,
			);
			path = DGElasticPullToRefresh;
			sourceTree = "<group>";
		};
		893524079556A81A2D4F2B5B /* Pods */ = {
			isa = PBXGroup;
			children = (
				1AA7B0E9525332CB7BD194C2 /* Pods-EZTask.debug.xcconfig */,
				11384261F24162A9C3B52DC6 /* Pods-EZTask.release.xcconfig */,
			);
			name = Pods;
			sourceTree = "<group>";
		};
/* End PBXGroup section */

/* Begin PBXNativeTarget section */
		4C0E8C2D1E7E9D47005A3C19 /* EZTask */ = {
			isa = PBXNativeTarget;
			buildConfigurationList = 4C0E8C401E7E9D47005A3C19 /* Build configuration list for PBXNativeTarget "EZTask" */;
			buildPhases = (
				A113847851D0D1CC84B2E512 /* [CP] Check Pods Manifest.lock */,
				4CB5A3971E7EAB85002DA155 /* ShellScript */,
				4C0E8C2A1E7E9D47005A3C19 /* Sources */,
				4C0E8C2B1E7E9D47005A3C19 /* Frameworks */,
				4C0E8C2C1E7E9D47005A3C19 /* Resources */,
				8D5192CE4964D815AAF2C32F /* [CP] Embed Pods Frameworks */,
				AE1AE2FAB26630DD82B59AB7 /* [CP] Copy Pods Resources */,
				4CFA07051E7F0F3600C22F1B /* Embed Frameworks */,
			);
			buildRules = (
			);
			dependencies = (
			);
			name = EZTask;
			productName = EZTask;
			productReference = 4C0E8C2E1E7E9D47005A3C19 /* EZTask.app */;
			productType = "com.apple.product-type.application";
		};
/* End PBXNativeTarget section */

/* Begin PBXProject section */
		4C0E8C261E7E9D47005A3C19 /* Project object */ = {
			isa = PBXProject;
			attributes = {
				LastSwiftUpdateCheck = 0820;
				LastUpgradeCheck = 0820;
				ORGANIZATIONNAME = Evgeniy;
				TargetAttributes = {
					4C0E8C2D1E7E9D47005A3C19 = {
						CreatedOnToolsVersion = 8.2.1;
						DevelopmentTeam = VD97XKT54M;
						ProvisioningStyle = Automatic;
					};
				};
			};
			buildConfigurationList = 4C0E8C291E7E9D47005A3C19 /* Build configuration list for PBXProject "EZTask" */;
			compatibilityVersion = "Xcode 3.2";
			developmentRegion = English;
			hasScannedForEncodings = 0;
			knownRegions = (
				en,
				Base,
			);
			mainGroup = 4C0E8C251E7E9D47005A3C19;
			productRefGroup = 4C0E8C2F1E7E9D47005A3C19 /* Products */;
			projectDirPath = "";
			projectRoot = "";
			targets = (
				4C0E8C2D1E7E9D47005A3C19 /* EZTask */,
			);
		};
/* End PBXProject section */

/* Begin PBXResourcesBuildPhase section */
		4C0E8C2C1E7E9D47005A3C19 /* Resources */ = {
			isa = PBXResourcesBuildPhase;
			buildActionMask = 2147483647;
			files = (
				4C0E8C3C1E7E9D47005A3C19 /* LaunchScreen.storyboard in Resources */,
				4C0E8C391E7E9D47005A3C19 /* Assets.xcassets in Resources */,
				4C0E8C371E7E9D47005A3C19 /* Main.storyboard in Resources */,
			);
			runOnlyForDeploymentPostprocessing = 0;
		};
/* End PBXResourcesBuildPhase section */

/* Begin PBXShellScriptBuildPhase section */
		4CB5A3971E7EAB85002DA155 /* ShellScript */ = {
			isa = PBXShellScriptBuildPhase;
			buildActionMask = 12;
			files = (
			);
			inputPaths = (
			);
			outputPaths = (
			);
			runOnlyForDeploymentPostprocessing = 0;
			shellPath = /bin/sh;
			shellScript = "cd \"$(PROJECT_DIR)\"\npwd";
		};
		8D5192CE4964D815AAF2C32F /* [CP] Embed Pods Frameworks */ = {
			isa = PBXShellScriptBuildPhase;
			buildActionMask = 2147483647;
			files = (
			);
			inputPaths = (
			);
			name = "[CP] Embed Pods Frameworks";
			outputPaths = (
			);
			runOnlyForDeploymentPostprocessing = 0;
			shellPath = /bin/sh;
			shellScript = "\"${SRCROOT}/Pods/Target Support Files/Pods-EZTask/Pods-EZTask-frameworks.sh\"\n";
			showEnvVarsInLog = 0;
		};
		A113847851D0D1CC84B2E512 /* [CP] Check Pods Manifest.lock */ = {
			isa = PBXShellScriptBuildPhase;
			buildActionMask = 2147483647;
			files = (
			);
			inputPaths = (
			);
			name = "[CP] Check Pods Manifest.lock";
			outputPaths = (
			);
			runOnlyForDeploymentPostprocessing = 0;
			shellPath = /bin/sh;
			shellScript = "diff \"${PODS_ROOT}/../Podfile.lock\" \"${PODS_ROOT}/Manifest.lock\" > /dev/null\nif [ $? != 0 ] ; then\n    # print error to STDERR\n    echo \"error: The sandbox is not in sync with the Podfile.lock. Run 'pod install' or update your CocoaPods installation.\" >&2\n    exit 1\nfi\n";
			showEnvVarsInLog = 0;
		};
		AE1AE2FAB26630DD82B59AB7 /* [CP] Copy Pods Resources */ = {
			isa = PBXShellScriptBuildPhase;
			buildActionMask = 2147483647;
			files = (
			);
			inputPaths = (
			);
			name = "[CP] Copy Pods Resources";
			outputPaths = (
			);
			runOnlyForDeploymentPostprocessing = 0;
			shellPath = /bin/sh;
			shellScript = "\"${SRCROOT}/Pods/Target Support Files/Pods-EZTask/Pods-EZTask-resources.sh\"\n";
			showEnvVarsInLog = 0;
		};
/* End PBXShellScriptBuildPhase section */

/* Begin PBXSourcesBuildPhase section */
		4C0E8C2A1E7E9D47005A3C19 /* Sources */ = {
			isa = PBXSourcesBuildPhase;
			buildActionMask = 2147483647;
			files = (
				4CE85D761E8058CB00708D84 /* DGElasticPullToRefreshConstants.swift in Sources */,
				4C0E8C341E7E9D47005A3C19 /* ToDoController.swift in Sources */,
				4CE85D7A1E8058CB00708D84 /* DGElasticPullToRefreshView.swift in Sources */,
				4CE85D781E8058CB00708D84 /* DGElasticPullToRefreshLoadingView.swift in Sources */,
				4C0E8C321E7E9D47005A3C19 /* AppDelegate.swift in Sources */,
				4CE85D791E8058CB00708D84 /* DGElasticPullToRefreshLoadingViewCircle.swift in Sources */,
				4C1BFCB71E7EB034000A2282 /* KZSwipeTableViewCell.swift in Sources */,
				4CE85D7C1E80624500708D84 /* ToDoCell.swift in Sources */,
				4CE85D771E8058CB00708D84 /* DGElasticPullToRefreshExtensions.swift in Sources */,
			);
			runOnlyForDeploymentPostprocessing = 0;
		};
/* End PBXSourcesBuildPhase section */

/* Begin PBXVariantGroup section */
		4C0E8C351E7E9D47005A3C19 /* Main.storyboard */ = {
			isa = PBXVariantGroup;
			children = (
				4C0E8C361E7E9D47005A3C19 /* Base */,
			);
			name = Main.storyboard;
			path = .;
			sourceTree = "<group>";
		};
		4C0E8C3A1E7E9D47005A3C19 /* LaunchScreen.storyboard */ = {
			isa = PBXVariantGroup;
			children = (
				4C0E8C3B1E7E9D47005A3C19 /* Base */,
			);
			name = LaunchScreen.storyboard;
			path = .;
			sourceTree = "<group>";
		};
/* End PBXVariantGroup section */

/* Begin XCBuildConfiguration section */
		4C0E8C3E1E7E9D47005A3C19 /* Debug */ = {
			isa = XCBuildConfiguration;
			buildSettings = {
				ALWAYS_SEARCH_USER_PATHS = NO;
				CLANG_ANALYZER_NONNULL = YES;
				CLANG_CXX_LANGUAGE_STANDARD = "gnu++0x";
				CLANG_CXX_LIBRARY = "libc++";
				CLANG_ENABLE_MODULES = YES;
				CLANG_ENABLE_OBJC_ARC = YES;
				CLANG_WARN_BOOL_CONVERSION = YES;
				CLANG_WARN_CONSTANT_CONVERSION = YES;
				CLANG_WARN_DIRECT_OBJC_ISA_USAGE = YES_ERROR;
				CLANG_WARN_DOCUMENTATION_COMMENTS = YES;
				CLANG_WARN_EMPTY_BODY = YES;
				CLANG_WARN_ENUM_CONVERSION = YES;
				CLANG_WARN_INFINITE_RECURSION = YES;
				CLANG_WARN_INT_CONVERSION = YES;
				CLANG_WARN_OBJC_ROOT_CLASS = YES_ERROR;
				CLANG_WARN_SUSPICIOUS_MOVE = YES;
				CLANG_WARN_UNREACHABLE_CODE = YES;
				CLANG_WARN__DUPLICATE_METHOD_MATCH = YES;
				"CODE_SIGN_IDENTITY[sdk=iphoneos*]" = "iPhone Developer";
				COPY_PHASE_STRIP = NO;
				DEBUG_INFORMATION_FORMAT = dwarf;
				ENABLE_STRICT_OBJC_MSGSEND = YES;
				ENABLE_TESTABILITY = YES;
				GCC_C_LANGUAGE_STANDARD = gnu99;
				GCC_DYNAMIC_NO_PIC = NO;
				GCC_NO_COMMON_BLOCKS = YES;
				GCC_OPTIMIZATION_LEVEL = 0;
				GCC_PREPROCESSOR_DEFINITIONS = (
					"DEBUG=1",
					"$(inherited)",
				);
				GCC_WARN_64_TO_32_BIT_CONVERSION = YES;
				GCC_WARN_ABOUT_RETURN_TYPE = YES_ERROR;
				GCC_WARN_UNDECLARED_SELECTOR = YES;
				GCC_WARN_UNINITIALIZED_AUTOS = YES_AGGRESSIVE;
				GCC_WARN_UNUSED_FUNCTION = YES;
				GCC_WARN_UNUSED_VARIABLE = YES;
				IPHONEOS_DEPLOYMENT_TARGET = 10.2;
				MTL_ENABLE_DEBUG_INFO = YES;
				ONLY_ACTIVE_ARCH = YES;
				SDKROOT = iphoneos;
				SWIFT_ACTIVE_COMPILATION_CONDITIONS = DEBUG;
				SWIFT_OPTIMIZATION_LEVEL = "-Onone";
			};
			name = Debug;
		};
		4C0E8C3F1E7E9D47005A3C19 /* Release */ = {
			isa = XCBuildConfiguration;
			buildSettings = {
				ALWAYS_SEARCH_USER_PATHS = NO;
				CLANG_ANALYZER_NONNULL = YES;
				CLANG_CXX_LANGUAGE_STANDARD = "gnu++0x";
				CLANG_CXX_LIBRARY = "libc++";
				CLANG_ENABLE_MODULES = YES;
				CLANG_ENABLE_OBJC_ARC = YES;
				CLANG_WARN_BOOL_CONVERSION = YES;
				CLANG_WARN_CONSTANT_CONVERSION = YES;
				CLANG_WARN_DIRECT_OBJC_ISA_USAGE = YES_ERROR;
				CLANG_WARN_DOCUMENTATION_COMMENTS = YES;
				CLANG_WARN_EMPTY_BODY = YES;
				CLANG_WARN_ENUM_CONVERSION = YES;
				CLANG_WARN_INFINITE_RECURSION = YES;
				CLANG_WARN_INT_CONVERSION = YES;
				CLANG_WARN_OBJC_ROOT_CLASS = YES_ERROR;
				CLANG_WARN_SUSPICIOUS_MOVE = YES;
				CLANG_WARN_UNREACHABLE_CODE = YES;
				CLANG_WARN__DUPLICATE_METHOD_MATCH = YES;
				"CODE_SIGN_IDENTITY[sdk=iphoneos*]" = "iPhone Developer";
				COPY_PHASE_STRIP = NO;
				DEBUG_INFORMATION_FORMAT = "dwarf-with-dsym";
				ENABLE_NS_ASSERTIONS = NO;
				ENABLE_STRICT_OBJC_MSGSEND = YES;
				GCC_C_LANGUAGE_STANDARD = gnu99;
				GCC_NO_COMMON_BLOCKS = YES;
				GCC_WARN_64_TO_32_BIT_CONVERSION = YES;
				GCC_WARN_ABOUT_RETURN_TYPE = YES_ERROR;
				GCC_WARN_UNDECLARED_SELECTOR = YES;
				GCC_WARN_UNINITIALIZED_AUTOS = YES_AGGRESSIVE;
				GCC_WARN_UNUSED_FUNCTION = YES;
				GCC_WARN_UNUSED_VARIABLE = YES;
				IPHONEOS_DEPLOYMENT_TARGET = 10.2;
				MTL_ENABLE_DEBUG_INFO = NO;
				SDKROOT = iphoneos;
				SWIFT_OPTIMIZATION_LEVEL = "-Owholemodule";
				VALIDATE_PRODUCT = YES;
			};
			name = Release;
		};
		4C0E8C411E7E9D47005A3C19 /* Debug */ = {
			isa = XCBuildConfiguration;
			baseConfigurationReference = 1AA7B0E9525332CB7BD194C2 /* Pods-EZTask.debug.xcconfig */;
			buildSettings = {
				ALWAYS_EMBED_SWIFT_STANDARD_LIBRARIES = YES;
				ASSETCATALOG_COMPILER_APPICON_NAME = AppIcon;
				DEVELOPMENT_TEAM = VD97XKT54M;
				INFOPLIST_FILE = EZTask/Other/Info.plist;
				IPHONEOS_DEPLOYMENT_TARGET = 9.0;
				LD_RUNPATH_SEARCH_PATHS = "$(inherited) @executable_path/Frameworks";
				PRODUCT_BUNDLE_IDENTIFIER = pp.eguene.EZTask;
				PRODUCT_NAME = "$(TARGET_NAME)";
				SWIFT_VERSION = 3.0;
			};
			name = Debug;
		};
		4C0E8C421E7E9D47005A3C19 /* Release */ = {
			isa = XCBuildConfiguration;
			baseConfigurationReference = 11384261F24162A9C3B52DC6 /* Pods-EZTask.release.xcconfig */;
			buildSettings = {
				ALWAYS_EMBED_SWIFT_STANDARD_LIBRARIES = YES;
				ASSETCATALOG_COMPILER_APPICON_NAME = AppIcon;
				DEVELOPMENT_TEAM = VD97XKT54M;
				INFOPLIST_FILE = EZTask/Other/Info.plist;
				IPHONEOS_DEPLOYMENT_TARGET = 9.0;
				LD_RUNPATH_SEARCH_PATHS = "$(inherited) @executable_path/Frameworks";
				PRODUCT_BUNDLE_IDENTIFIER = pp.eguene.EZTask;
				PRODUCT_NAME = "$(TARGET_NAME)";
				SWIFT_VERSION = 3.0;
			};
			name = Release;
		};
/* End XCBuildConfiguration section */

/* Begin XCConfigurationList section */
		4C0E8C291E7E9D47005A3C19 /* Build configuration list for PBXProject "EZTask" */ = {
			isa = XCConfigurationList;
			buildConfigurations = (
				4C0E8C3E1E7E9D47005A3C19 /* Debug */,
				4C0E8C3F1E7E9D47005A3C19 /* Release */,
			);
			defaultConfigurationIsVisible = 0;
			defaultConfigurationName = Release;
		};
		4C0E8C401E7E9D47005A3C19 /* Build configuration list for PBXNativeTarget "EZTask" */ = {
			isa = XCConfigurationList;
			buildConfigurations = (
				4C0E8C411E7E9D47005A3C19 /* Debug */,
				4C0E8C421E7E9D47005A3C19 /* Release */,
			);
			defaultConfigurationIsVisible = 0;
			defaultConfigurationName = Release;
		};
/* End XCConfigurationList section */
	};
	rootObject = 4C0E8C261E7E9D47005A3C19 /* Project object */;
}
